// !$*UTF8*$!
{
	archiveVersion = 1;
	classes = {
	};
	objectVersion = 55;
	objects = {

/* Begin PBXBuildFile section */
		84C6012D2838FD2000E6F586 /* MyIOS3App.swift in Sources */ = {isa = PBXBuildFile; fileRef = 84C6012C2838FD2000E6F586 /* MyIOS3App.swift */; };
		84C6012F2838FD2000E6F586 /* ContentView.swift in Sources */ = {isa = PBXBuildFile; fileRef = 84C6012E2838FD2000E6F586 /* ContentView.swift */; };
		84C601312838FD2700E6F586 /* Assets.xcassets in Resources */ = {isa = PBXBuildFile; fileRef = 84C601302838FD2700E6F586 /* Assets.xcassets */; };
		84C601342838FD2700E6F586 /* Preview Assets.xcassets in Resources */ = {isa = PBXBuildFile; fileRef = 84C601332838FD2700E6F586 /* Preview Assets.xcassets */; };
		84C601362838FD2700E6F586 /* Persistence.swift in Sources */ = {isa = PBXBuildFile; fileRef = 84C601352838FD2700E6F586 /* Persistence.swift */; };
		84C601392838FD2700E6F586 /* MyIOS3.xcdatamodeld in Sources */ = {isa = PBXBuildFile; fileRef = 84C601372838FD2700E6F586 /* MyIOS3.xcdatamodeld */; };
		84C601432838FD2900E6F586 /* MyIOS3Tests.swift in Sources */ = {isa = PBXBuildFile; fileRef = 84C601422838FD2900E6F586 /* MyIOS3Tests.swift */; };
		84C6014D2838FD2900E6F586 /* MyIOS3UITests.swift in Sources */ = {isa = PBXBuildFile; fileRef = 84C6014C2838FD2900E6F586 /* MyIOS3UITests.swift */; };
		84C6014F2838FD2900E6F586 /* MyIOS3UITestsLaunchTests.swift in Sources */ = {isa = PBXBuildFile; fileRef = 84C6014E2838FD2900E6F586 /* MyIOS3UITestsLaunchTests.swift */; };
/* End PBXBuildFile section */

/* Begin PBXContainerItemProxy section */
		84C6013F2838FD2900E6F586 /* PBXContainerItemProxy */ = {
			isa = PBXContainerItemProxy;
			containerPortal = 84C601212838FD1F00E6F586 /* Project object */;
			proxyType = 1;
			remoteGlobalIDString = 84C601282838FD2000E6F586;
			remoteInfo = MyIOS3;
		};
		84C601492838FD2900E6F586 /* PBXContainerItemProxy */ = {
			isa = PBXContainerItemProxy;
			containerPortal = 84C601212838FD1F00E6F586 /* Project object */;
			proxyType = 1;
			remoteGlobalIDString = 84C601282838FD2000E6F586;
			remoteInfo = MyIOS3;
		};
/* End PBXContainerItemProxy section */

/* Begin PBXFileReference section */
		84C601292838FD2000E6F586 /* MyIOS3.app */ = {isa = PBXFileReference; explicitFileType = wrapper.application; includeInIndex = 0; path = MyIOS3.app; sourceTree = BUILT_PRODUCTS_DIR; };
		84C6012C2838FD2000E6F586 /* MyIOS3App.swift */ = {isa = PBXFileReference; lastKnownFileType = sourcecode.swift; path = MyIOS3App.swift; sourceTree = "<group>"; };
		84C6012E2838FD2000E6F586 /* ContentView.swift */ = {isa = PBXFileReference; lastKnownFileType = sourcecode.swift; path = ContentView.swift; sourceTree = "<group>"; };
		84C601302838FD2700E6F586 /* Assets.xcassets */ = {isa = PBXFileReference; lastKnownFileType = folder.assetcatalog; path = Assets.xcassets; sourceTree = "<group>"; };
		84C601332838FD2700E6F586 /* Preview Assets.xcassets */ = {isa = PBXFileReference; lastKnownFileType = folder.assetcatalog; path = "Preview Assets.xcassets"; sourceTree = "<group>"; };
		84C601352838FD2700E6F586 /* Persistence.swift */ = {isa = PBXFileReference; lastKnownFileType = sourcecode.swift; path = Persistence.swift; sourceTree = "<group>"; };
		84C601382838FD2700E6F586 /* MyIOS3.xcdatamodel */ = {isa = PBXFileReference; lastKnownFileType = wrapper.xcdatamodel; path = MyIOS3.xcdatamodel; sourceTree = "<group>"; };
		84C6013E2838FD2900E6F586 /* MyIOS3Tests.xctest */ = {isa = PBXFileReference; explicitFileType = wrapper.cfbundle; includeInIndex = 0; path = MyIOS3Tests.xctest; sourceTree = BUILT_PRODUCTS_DIR; };
		84C601422838FD2900E6F586 /* MyIOS3Tests.swift */ = {isa = PBXFileReference; lastKnownFileType = sourcecode.swift; path = MyIOS3Tests.swift; sourceTree = "<group>"; };
		84C601482838FD2900E6F586 /* MyIOS3UITests.xctest */ = {isa = PBXFileReference; explicitFileType = wrapper.cfbundle; includeInIndex = 0; path = MyIOS3UITests.xctest; sourceTree = BUILT_PRODUCTS_DIR; };
		84C6014C2838FD2900E6F586 /* MyIOS3UITests.swift */ = {isa = PBXFileReference; lastKnownFileType = sourcecode.swift; path = MyIOS3UITests.swift; sourceTree = "<group>"; };
		84C6014E2838FD2900E6F586 /* MyIOS3UITestsLaunchTests.swift */ = {isa = PBXFileReference; lastKnownFileType = sourcecode.swift; path = MyIOS3UITestsLaunchTests.swift; sourceTree = "<group>"; };
/* End PBXFileReference section */

/* Begin PBXFrameworksBuildPhase section */
		84C601262838FD2000E6F586 /* Frameworks */ = {
			isa = PBXFrameworksBuildPhase;
			buildActionMask = 2147483647;
			files = (
			);
			runOnlyForDeploymentPostprocessing = 0;
		};
		84C6013B2838FD2900E6F586 /* Frameworks */ = {
			isa = PBXFrameworksBuildPhase;
			buildActionMask = 2147483647;
			files = (
			);
			runOnlyForDeploymentPostprocessing = 0;
		};
		84C601452838FD2900E6F586 /* Frameworks */ = {
			isa = PBXFrameworksBuildPhase;
			buildActionMask = 2147483647;
			files = (
			);
			runOnlyForDeploymentPostprocessing = 0;
		};
/* End PBXFrameworksBuildPhase section */

/* Begin PBXGroup section */
		84C601202838FD1F00E6F586 = {
			isa = PBXGroup;
			children = (
				84C6012B2838FD2000E6F586 /* MyIOS3 */,
				84C601412838FD2900E6F586 /* MyIOS3Tests */,
				84C6014B2838FD2900E6F586 /* MyIOS3UITests */,
				84C6012A2838FD2000E6F586 /* Products */,
			);
			sourceTree = "<group>";
		};
		84C6012A2838FD2000E6F586 /* Products */ = {
			isa = PBXGroup;
			children = (
				84C601292838FD2000E6F586 /* MyIOS3.app */,
				84C6013E2838FD2900E6F586 /* MyIOS3Tests.xctest */,
				84C601482838FD2900E6F586 /* MyIOS3UITests.xctest */,
			);
			name = Products;
			sourceTree = "<group>";
		};
		84C6012B2838FD2000E6F586 /* MyIOS3 */ = {
			isa = PBXGroup;
			children = (
				84C6012C2838FD2000E6F586 /* MyIOS3App.swift */,
				84C6012E2838FD2000E6F586 /* ContentView.swift */,
				84C601302838FD2700E6F586 /* Assets.xcassets */,
				84C601352838FD2700E6F586 /* Persistence.swift */,
				84C601372838FD2700E6F586 /* MyIOS3.xcdatamodeld */,
				84C601322838FD2700E6F586 /* Preview Content */,
			);
			path = MyIOS3;
			sourceTree = "<group>";
		};
		84C601322838FD2700E6F586 /* Preview Content */ = {
			isa = PBXGroup;
			children = (
				84C601332838FD2700E6F586 /* Preview Assets.xcassets */,
			);
			path = "Preview Content";
			sourceTree = "<group>";
		};
		84C601412838FD2900E6F586 /* MyIOS3Tests */ = {
			isa = PBXGroup;
			children = (
				84C601422838FD2900E6F586 /* MyIOS3Tests.swift */,
			);
			path = MyIOS3Tests;
			sourceTree = "<group>";
		};
		84C6014B2838FD2900E6F586 /* MyIOS3UITests */ = {
			isa = PBXGroup;
			children = (
				84C6014C2838FD2900E6F586 /* MyIOS3UITests.swift */,
				84C6014E2838FD2900E6F586 /* MyIOS3UITestsLaunchTests.swift */,
			);
			path = MyIOS3UITests;
			sourceTree = "<group>";
		};
/* End PBXGroup section */

/* Begin PBXNativeTarget section */
		84C601282838FD2000E6F586 /* MyIOS3 */ = {
			isa = PBXNativeTarget;
			buildConfigurationList = 84C601522838FD2900E6F586 /* Build configuration list for PBXNativeTarget "MyIOS3" */;
			buildPhases = (
				84C601252838FD2000E6F586 /* Sources */,
				84C601262838FD2000E6F586 /* Frameworks */,
				84C601272838FD2000E6F586 /* Resources */,
			);
			buildRules = (
			);
			dependencies = (
			);
			name = MyIOS3;
			productName = MyIOS3;
			productReference = 84C601292838FD2000E6F586 /* MyIOS3.app */;
			productType = "com.apple.product-type.application";
		};
		84C6013D2838FD2900E6F586 /* MyIOS3Tests */ = {
			isa = PBXNativeTarget;
			buildConfigurationList = 84C601552838FD2900E6F586 /* Build configuration list for PBXNativeTarget "MyIOS3Tests" */;
			buildPhases = (
				84C6013A2838FD2900E6F586 /* Sources */,
				84C6013B2838FD2900E6F586 /* Frameworks */,
				84C6013C2838FD2900E6F586 /* Resources */,
			);
			buildRules = (
			);
			dependencies = (
				84C601402838FD2900E6F586 /* PBXTargetDependency */,
			);
			name = MyIOS3Tests;
			productName = MyIOS3Tests;
			productReference = 84C6013E2838FD2900E6F586 /* MyIOS3Tests.xctest */;
			productType = "com.apple.product-type.bundle.unit-test";
		};
		84C601472838FD2900E6F586 /* MyIOS3UITests */ = {
			isa = PBXNativeTarget;
			buildConfigurationList = 84C601582838FD2900E6F586 /* Build configuration list for PBXNativeTarget "MyIOS3UITests" */;
			buildPhases = (
				84C601442838FD2900E6F586 /* Sources */,
				84C601452838FD2900E6F586 /* Frameworks */,
				84C601462838FD2900E6F586 /* Resources */,
			);
			buildRules = (
			);
			dependencies = (
				84C6014A2838FD2900E6F586 /* PBXTargetDependency */,
			);
			name = MyIOS3UITests;
			productName = MyIOS3UITests;
			productReference = 84C601482838FD2900E6F586 /* MyIOS3UITests.xctest */;
			productType = "com.apple.product-type.bundle.ui-testing";
		};
/* End PBXNativeTarget section */

/* Begin PBXProject section */
		84C601212838FD1F00E6F586 /* Project object */ = {
			isa = PBXProject;
			attributes = {
				BuildIndependentTargetsInParallel = 1;
				LastSwiftUpdateCheck = 1320;
				LastUpgradeCheck = 1320;
				TargetAttributes = {
					84C601282838FD2000E6F586 = {
						CreatedOnToolsVersion = 13.2.1;
					};
					84C6013D2838FD2900E6F586 = {
						CreatedOnToolsVersion = 13.2.1;
						TestTargetID = 84C601282838FD2000E6F586;
					};
					84C601472838FD2900E6F586 = {
						CreatedOnToolsVersion = 13.2.1;
						TestTargetID = 84C601282838FD2000E6F586;
					};
				};
			};
			buildConfigurationList = 84C601242838FD1F00E6F586 /* Build configuration list for PBXProject "MyIOS3" */;
			compatibilityVersion = "Xcode 13.0";
			developmentRegion = en;
			hasScannedForEncodings = 0;
			knownRegions = (
				en,
				Base,
			);
			mainGroup = 84C601202838FD1F00E6F586;
			productRefGroup = 84C6012A2838FD2000E6F586 /* Products */;
			projectDirPath = "";
			projectRoot = "";
			targets = (
				84C601282838FD2000E6F586 /* MyIOS3 */,
				84C6013D2838FD2900E6F586 /* MyIOS3Tests */,
				84C601472838FD2900E6F586 /* MyIOS3UITests */,
			);
		};
/* End PBXProject section */

/* Begin PBXResourcesBuildPhase section */
		84C601272838FD2000E6F586 /* Resources */ = {
			isa = PBXResourcesBuildPhase;
			buildActionMask = 2147483647;
			files = (
				84C601342838FD2700E6F586 /* Preview Assets.xcassets in Resources */,
				84C601312838FD2700E6F586 /* Assets.xcassets in Resources */,
			);
			runOnlyForDeploymentPostprocessing = 0;
		};
		84C6013C2838FD2900E6F586 /* Resources */ = {
			isa = PBXResourcesBuildPhase;
			buildActionMask = 2147483647;
			files = (
			);
			runOnlyForDeploymentPostprocessing = 0;
		};
		84C601462838FD2900E6F586 /* Resources */ = {
			isa = PBXResourcesBuildPhase;
			buildActionMask = 2147483647;
			files = (
			);
			runOnlyForDeploymentPostprocessing = 0;
		};
/* End PBXResourcesBuildPhase section */

/* Begin PBXSourcesBuildPhase section */
		84C601252838FD2000E6F586 /* Sources */ = {
			isa = PBXSourcesBuildPhase;
			buildActionMask = 2147483647;
			files = (
				84C601362838FD2700E6F586 /* Persistence.swift in Sources */,
				84C6012F2838FD2000E6F586 /* ContentView.swift in Sources */,
				84C6012D2838FD2000E6F586 /* MyIOS3App.swift in Sources */,
				84C601392838FD2700E6F586 /* MyIOS3.xcdatamodeld in Sources */,
			);
			runOnlyForDeploymentPostprocessing = 0;
		};
		84C6013A2838FD2900E6F586 /* Sources */ = {
			isa = PBXSourcesBuildPhase;
			buildActionMask = 2147483647;
			files = (
				84C601432838FD2900E6F586 /* MyIOS3Tests.swift in Sources */,
			);
			runOnlyForDeploymentPostprocessing = 0;
		};
		84C601442838FD2900E6F586 /* Sources */ = {
			isa = PBXSourcesBuildPhase;
			buildActionMask = 2147483647;
			files = (
				84C6014F2838FD2900E6F586 /* MyIOS3UITestsLaunchTests.swift in Sources */,
				84C6014D2838FD2900E6F586 /* MyIOS3UITests.swift in Sources */,
			);
			runOnlyForDeploymentPostprocessing = 0;
		};
/* End PBXSourcesBuildPhase section */

/* Begin PBXTargetDependency section */
		84C601402838FD2900E6F586 /* PBXTargetDependency */ = {
			isa = PBXTargetDependency;
			target = 84C601282838FD2000E6F586 /* MyIOS3 */;
			targetProxy = 84C6013F2838FD2900E6F586 /* PBXContainerItemProxy */;
		};
		84C6014A2838FD2900E6F586 /* PBXTargetDependency */ = {
			isa = PBXTargetDependency;
			target = 84C601282838FD2000E6F586 /* MyIOS3 */;
			targetProxy = 84C601492838FD2900E6F586 /* PBXContainerItemProxy */;
		};
/* End PBXTargetDependency section */

/* Begin XCBuildConfiguration section */
		84C601502838FD2900E6F586 /* Debug */ = {
			isa = XCBuildConfiguration;
			buildSettings = {
				ALWAYS_SEARCH_USER_PATHS = NO;
				CLANG_ANALYZER_NONNULL = YES;
				CLANG_ANALYZER_NUMBER_OBJECT_CONVERSION = YES_AGGRESSIVE;
				CLANG_CXX_LANGUAGE_STANDARD = "gnu++17";
				CLANG_CXX_LIBRARY = "libc++";
				CLANG_ENABLE_MODULES = YES;
				CLANG_ENABLE_OBJC_ARC = YES;
				CLANG_ENABLE_OBJC_WEAK = YES;
				CLANG_WARN_BLOCK_CAPTURE_AUTORELEASING = YES;
				CLANG_WARN_BOOL_CONVERSION = YES;
				CLANG_WARN_COMMA = YES;
				CLANG_WARN_CONSTANT_CONVERSION = YES;
				CLANG_WARN_DEPRECATED_OBJC_IMPLEMENTATIONS = YES;
				CLANG_WARN_DIRECT_OBJC_ISA_USAGE = YES_ERROR;
				CLANG_WARN_DOCUMENTATION_COMMENTS = YES;
				CLANG_WARN_EMPTY_BODY = YES;
				CLANG_WARN_ENUM_CONVERSION = YES;
				CLANG_WARN_INFINITE_RECURSION = YES;
				CLANG_WARN_INT_CONVERSION = YES;
				CLANG_WARN_NON_LITERAL_NULL_CONVERSION = YES;
				CLANG_WARN_OBJC_IMPLICIT_RETAIN_SELF = YES;
				CLANG_WARN_OBJC_LITERAL_CONVERSION = YES;
				CLANG_WARN_OBJC_ROOT_CLASS = YES_ERROR;
				CLANG_WARN_QUOTED_INCLUDE_IN_FRAMEWORK_HEADER = YES;
				CLANG_WARN_RANGE_LOOP_ANALYSIS = YES;
				CLANG_WARN_STRICT_PROTOTYPES = YES;
				CLANG_WARN_SUSPICIOUS_MOVE = YES;
				CLANG_WARN_UNGUARDED_AVAILABILITY = YES_AGGRESSIVE;
				CLANG_WARN_UNREACHABLE_CODE = YES;
				CLANG_WARN__DUPLICATE_METHOD_MATCH = YES;
				COPY_PHASE_STRIP = NO;
				DEBUG_INFORMATION_FORMAT = dwarf;
				ENABLE_STRICT_OBJC_MSGSEND = YES;
				ENABLE_TESTABILITY = YES;
				GCC_C_LANGUAGE_STANDARD = gnu11;
				GCC_DYNAMIC_NO_PIC = NO;
				GCC_NO_COMMON_BLOCKS = YES;
				GCC_OPTIMIZATION_LEVEL = 0;
				GCC_PREPROCESSOR_DEFINITIONS = (
					"DEBUG=1",
					"$(inherited)",
				);
				GCC_WARN_64_TO_32_BIT_CONVERSION = YES;
				GCC_WARN_ABOUT_RETURN_TYPE = YES_ERROR;
				GCC_WARN_UNDECLARED_SELECTOR = YES;
				GCC_WARN_UNINITIALIZED_AUTOS = YES_AGGRESSIVE;
				GCC_WARN_UNUSED_FUNCTION = YES;
				GCC_WARN_UNUSED_VARIABLE = YES;
				IPHONEOS_DEPLOYMENT_TARGET = 15.2;
				MTL_ENABLE_DEBUG_INFO = INCLUDE_SOURCE;
				MTL_FAST_MATH = YES;
				ONLY_ACTIVE_ARCH = YES;
				SDKROOT = iphoneos;
				SWIFT_ACTIVE_COMPILATION_CONDITIONS = DEBUG;
				SWIFT_OPTIMIZATION_LEVEL = "-Onone";
			};
			name = Debug;
		};
		84C601512838FD2900E6F586 /* Release */ = {
			isa = XCBuildConfiguration;
			buildSettings = {
				ALWAYS_SEARCH_USER_PATHS = NO;
				CLANG_ANALYZER_NONNULL = YES;
				CLANG_ANALYZER_NUMBER_OBJECT_CONVERSION = YES_AGGRESSIVE;
				CLANG_CXX_LANGUAGE_STANDARD = "gnu++17";
				CLANG_CXX_LIBRARY = "libc++";
				CLANG_ENABLE_MODULES = YES;
				CLANG_ENABLE_OBJC_ARC = YES;
				CLANG_ENABLE_OBJC_WEAK = YES;
				CLANG_WARN_BLOCK_CAPTURE_AUTORELEASING = YES;
				CLANG_WARN_BOOL_CONVERSION = YES;
				CLANG_WARN_COMMA = YES;
				CLANG_WARN_CONSTANT_CONVERSION = YES;
				CLANG_WARN_DEPRECATED_OBJC_IMPLEMENTATIONS = YES;
				CLANG_WARN_DIRECT_OBJC_ISA_USAGE = YES_ERROR;
				CLANG_WARN_DOCUMENTATION_COMMENTS = YES;
				CLANG_WARN_EMPTY_BODY = YES;
				CLANG_WARN_ENUM_CONVERSION = YES;
				CLANG_WARN_INFINITE_RECURSION = YES;
				CLANG_WARN_INT_CONVERSION = YES;
				CLANG_WARN_NON_LITERAL_NULL_CONVERSION = YES;
				CLANG_WARN_OBJC_IMPLICIT_RETAIN_SELF = YES;
				CLANG_WARN_OBJC_LITERAL_CONVERSION = YES;
				CLANG_WARN_OBJC_ROOT_CLASS = YES_ERROR;
				CLANG_WARN_QUOTED_INCLUDE_IN_FRAMEWORK_HEADER = YES;
				CLANG_WARN_RANGE_LOOP_ANALYSIS = YES;
				CLANG_WARN_STRICT_PROTOTYPES = YES;
				CLANG_WARN_SUSPICIOUS_MOVE = YES;
				CLANG_WARN_UNGUARDED_AVAILABILITY = YES_AGGRESSIVE;
				CLANG_WARN_UNREACHABLE_CODE = YES;
				CLANG_WARN__DUPLICATE_METHOD_MATCH = YES;
				COPY_PHASE_STRIP = NO;
				DEBUG_INFORMATION_FORMAT = "dwarf-with-dsym";
				ENABLE_NS_ASSERTIONS = NO;
				ENABLE_STRICT_OBJC_MSGSEND = YES;
				GCC_C_LANGUAGE_STANDARD = gnu11;
				GCC_NO_COMMON_BLOCKS = YES;
				GCC_WARN_64_TO_32_BIT_CONVERSION = YES;
				GCC_WARN_ABOUT_RETURN_TYPE = YES_ERROR;
				GCC_WARN_UNDECLARED_SELECTOR = YES;
				GCC_WARN_UNINITIALIZED_AUTOS = YES_AGGRESSIVE;
				GCC_WARN_UNUSED_FUNCTION = YES;
				GCC_WARN_UNUSED_VARIABLE = YES;
				IPHONEOS_DEPLOYMENT_TARGET = 15.2;
				MTL_ENABLE_DEBUG_INFO = NO;
				MTL_FAST_MATH = YES;
				SDKROOT = iphoneos;
				SWIFT_COMPILATION_MODE = wholemodule;
				SWIFT_OPTIMIZATION_LEVEL = "-O";
				VALIDATE_PRODUCT = YES;
			};
			name = Release;
		};
		84C601532838FD2900E6F586 /* Debug */ = {
			isa = XCBuildConfiguration;
			buildSettings = {
				ASSETCATALOG_COMPILER_APPICON_NAME = AppIcon;
				ASSETCATALOG_COMPILER_GLOBAL_ACCENT_COLOR_NAME = AccentColor;
				CODE_SIGN_STYLE = Automatic;
				CURRENT_PROJECT_VERSION = 1;
				DEVELOPMENT_ASSET_PATHS = "\"MyIOS3/Preview Content\"";
				DEVELOPMENT_TEAM = S9NN4MZ4LX;
				ENABLE_PREVIEWS = YES;
				GENERATE_INFOPLIST_FILE = YES;
				INFOPLIST_KEY_UIApplicationSceneManifest_Generation = YES;
				INFOPLIST_KEY_UIApplicationSupportsIndirectInputEvents = YES;
				INFOPLIST_KEY_UILaunchScreen_Generation = YES;
				INFOPLIST_KEY_UISupportedInterfaceOrientations_iPad = "UIInterfaceOrientationPortrait UIInterfaceOrientationPortraitUpsideDown UIInterfaceOrientationLandscapeLeft UIInterfaceOrientationLandscapeRight";
				INFOPLIST_KEY_UISupportedInterfaceOrientations_iPhone = "UIInterfaceOrientationPortrait UIInterfaceOrientationLandscapeLeft UIInterfaceOrientationLandscapeRight";
				LD_RUNPATH_SEARCH_PATHS = (
					"$(inherited)",
					"@executable_path/Frameworks",
				);
				MARKETING_VERSION = 1.0;
				PRODUCT_BUNDLE_IDENTIFIER = JJ.MyIOS3;
				PRODUCT_NAME = "$(TARGET_NAME)";
				SWIFT_EMIT_LOC_STRINGS = YES;
				SWIFT_VERSION = 5.0;
				TARGETED_DEVICE_FAMILY = "1,2";
			};
			name = Debug;
		};
		84C601542838FD2900E6F586 /* Release */ = {
			isa = XCBuildConfiguration;
			buildSettings = {
				ASSETCATALOG_COMPILER_APPICON_NAME = AppIcon;
				ASSETCATALOG_COMPILER_GLOBAL_ACCENT_COLOR_NAME = AccentColor;
				CODE_SIGN_STYLE = Automatic;
				CURRENT_PROJECT_VERSION = 1;
				DEVELOPMENT_ASSET_PATHS = "\"MyIOS3/Preview Content\"";
				DEVELOPMENT_TEAM = S9NN4MZ4LX;
				ENABLE_PREVIEWS = YES;
				GENERATE_INFOPLIST_FILE = YES;
				INFOPLIST_KEY_UIApplicationSceneManifest_Generation = YES;
				INFOPLIST_KEY_UIApplicationSupportsIndirectInputEvents = YES;
				INFOPLIST_KEY_UILaunchScreen_Generation = YES;
				INFOPLIST_KEY_UISupportedInterfaceOrientations_iPad = "UIInterfaceOrientationPortrait UIInterfaceOrientationPortraitUpsideDown UIInterfaceOrientationLandscapeLeft UIInterfaceOrientationLandscapeRight";
				INFOPLIST_KEY_UISupportedInterfaceOrientations_iPhone = "UIInterfaceOrientationPortrait UIInterfaceOrientationLandscapeLeft UIInterfaceOrientationLandscapeRight";
				LD_RUNPATH_SEARCH_PATHS = (
					"$(inherited)",
					"@executable_path/Frameworks",
				);
				MARKETING_VERSION = 1.0;
				PRODUCT_BUNDLE_IDENTIFIER = JJ.MyIOS3;
				PRODUCT_NAME = "$(TARGET_NAME)";
				SWIFT_EMIT_LOC_STRINGS = YES;
				SWIFT_VERSION = 5.0;
				TARGETED_DEVICE_FAMILY = "1,2";
			};
			name = Release;
		};
		84C601562838FD2900E6F586 /* Debug */ = {
			isa = XCBuildConfiguration;
			buildSettings = {
				ALWAYS_EMBED_SWIFT_STANDARD_LIBRARIES = YES;
				BUNDLE_LOADER = "$(TEST_HOST)";
				CODE_SIGN_STYLE = Automatic;
				CURRENT_PROJECT_VERSION = 1;
				DEVELOPMENT_TEAM = S9NN4MZ4LX;
				GENERATE_INFOPLIST_FILE = YES;
				IPHONEOS_DEPLOYMENT_TARGET = 15.2;
				MARKETING_VERSION = 1.0;
				PRODUCT_BUNDLE_IDENTIFIER = JJ.MyIOS3Tests;
				PRODUCT_NAME = "$(TARGET_NAME)";
				SWIFT_EMIT_LOC_STRINGS = NO;
				SWIFT_VERSION = 5.0;
				TARGETED_DEVICE_FAMILY = "1,2";
				TEST_HOST = "$(BUILT_PRODUCTS_DIR)/MyIOS3.app/MyIOS3";
			};
			name = Debug;
		};
		84C601572838FD2900E6F586 /* Release */ = {
			isa = XCBuildConfiguration;
			buildSettings = {
				ALWAYS_EMBED_SWIFT_STANDARD_LIBRARIES = YES;
				BUNDLE_LOADER = "$(TEST_HOST)";
				CODE_SIGN_STYLE = Automatic;
				CURRENT_PROJECT_VERSION = 1;
				DEVELOPMENT_TEAM = S9NN4MZ4LX;
				GENERATE_INFOPLIST_FILE = YES;
				IPHONEOS_DEPLOYMENT_TARGET = 15.2;
				MARKETING_VERSION = 1.0;
				PRODUCT_BUNDLE_IDENTIFIER = JJ.MyIOS3Tests;
				PRODUCT_NAME = "$(TARGET_NAME)";
				SWIFT_EMIT_LOC_STRINGS = NO;
				SWIFT_VERSION = 5.0;
				TARGETED_DEVICE_FAMILY = "1,2";
				TEST_HOST = "$(BUILT_PRODUCTS_DIR)/MyIOS3.app/MyIOS3";
			};
			name = Release;
		};
		84C601592838FD2900E6F586 /* Debug */ = {
			isa = XCBuildConfiguration;
			buildSettings = {
				ALWAYS_EMBED_SWIFT_STANDARD_LIBRARIES = YES;
				CODE_SIGN_STYLE = Automatic;
				CURRENT_PROJECT_VERSION = 1;
				DEVELOPMENT_TEAM = S9NN4MZ4LX;
				GENERATE_INFOPLIST_FILE = YES;
				MARKETING_VERSION = 1.0;
				PRODUCT_BUNDLE_IDENTIFIER = JJ.MyIOS3UITests;
				PRODUCT_NAME = "$(TARGET_NAME)";
				SWIFT_EMIT_LOC_STRINGS = NO;
				SWIFT_VERSION = 5.0;
				TARGETED_DEVICE_FAMILY = "1,2";
				TEST_TARGET_NAME = MyIOS3;
			};
			name = Debug;
		};
		84C6015A2838FD2900E6F586 /* Release */ = {
			isa = XCBuildConfiguration;
			buildSettings = {
				ALWAYS_EMBED_SWIFT_STANDARD_LIBRARIES = YES;
				CODE_SIGN_STYLE = Automatic;
				CURRENT_PROJECT_VERSION = 1;
				DEVELOPMENT_TEAM = S9NN4MZ4LX;
				GENERATE_INFOPLIST_FILE = YES;
				MARKETING_VERSION = 1.0;
				PRODUCT_BUNDLE_IDENTIFIER = JJ.MyIOS3UITests;
				PRODUCT_NAME = "$(TARGET_NAME)";
				SWIFT_EMIT_LOC_STRINGS = NO;
				SWIFT_VERSION = 5.0;
				TARGETED_DEVICE_FAMILY = "1,2";
				TEST_TARGET_NAME = MyIOS3;
			};
			name = Release;
		};
/* End XCBuildConfiguration section */

/* Begin XCConfigurationList section */
		84C601242838FD1F00E6F586 /* Build configuration list for PBXProject "MyIOS3" */ = {
			isa = XCConfigurationList;
			buildConfigurations = (
				84C601502838FD2900E6F586 /* Debug */,
				84C601512838FD2900E6F586 /* Release */,
			);
			defaultConfigurationIsVisible = 0;
			defaultConfigurationName = Release;
		};
		84C601522838FD2900E6F586 /* Build configuration list for PBXNativeTarget "MyIOS3" */ = {
			isa = XCConfigurationList;
			buildConfigurations = (
				84C601532838FD2900E6F586 /* Debug */,
				84C601542838FD2900E6F586 /* Release */,
			);
			defaultConfigurationIsVisible = 0;
			defaultConfigurationName = Release;
		};
		84C601552838FD2900E6F586 /* Build configuration list for PBXNativeTarget "MyIOS3Tests" */ = {
			isa = XCConfigurationList;
			buildConfigurations = (
				84C601562838FD2900E6F586 /* Debug */,
				84C601572838FD2900E6F586 /* Release */,
			);
			defaultConfigurationIsVisible = 0;
			defaultConfigurationName = Release;
		};
		84C601582838FD2900E6F586 /* Build configuration list for PBXNativeTarget "MyIOS3UITests" */ = {
			isa = XCConfigurationList;
			buildConfigurations = (
				84C601592838FD2900E6F586 /* Debug */,
				84C6015A2838FD2900E6F586 /* Release */,
			);
			defaultConfigurationIsVisible = 0;
			defaultConfigurationName = Release;
		};
/* End XCConfigurationList section */

/* Begin XCVersionGroup section */
		84C601372838FD2700E6F586 /* MyIOS3.xcdatamodeld */ = {
			isa = XCVersionGroup;
			children = (
				84C601382838FD2700E6F586 /* MyIOS3.xcdatamodel */,
			);
			currentVersion = 84C601382838FD2700E6F586 /* MyIOS3.xcdatamodel */;
			path = MyIOS3.xcdatamodeld;
			sourceTree = "<group>";
			versionGroupType = wrapper.xcdatamodel;
		};
/* End XCVersionGroup section */
	};
	rootObject = 84C601212838FD1F00E6F586 /* Project object */;
}
